
Microsoft Visual Studio Solution File, Format Version 12.00
# Visual Studio 14
VisualStudioVersion = 14.0.25123.0
MinimumVisualStudioVersion = 10.0.40219.1
Project("{FAE04EC0-301F-11D3-BF4B-00C04F79EFBC}") = "GelocarEntregas", "GelocarEntregas\GelocarEntregas.csproj", "{F4083A2A-9675-454F-8F1A-DE7DC7F2BBC3}"
EndProject
Global
	GlobalSection(SolutionConfigurationPlatforms) = preSolution
		Debug|Any CPU = Debug|Any CPU
		Release|Any CPU = Release|Any CPU
	EndGlobalSection
	GlobalSection(ProjectConfigurationPlatforms) = postSolution
		{F4083A2A-9675-454F-8F1A-DE7DC7F2BBC3}.Debug|Any CPU.ActiveCfg = Debug|Any CPU
		{F4083A2A-9675-454F-8F1A-DE7DC7F2BBC3}.Debug|Any CPU.Build.0 = Debug|Any CPU
		{F4083A2A-9675-454F-8F1A-DE7DC7F2BBC3}.Release|Any CPU.ActiveCfg = Release|Any CPU
		{F4083A2A-9675-454F-8F1A-DE7DC7F2BBC3}.Release|Any CPU.Build.0 = Release|Any CPU
	EndGlobalSection
	GlobalSection(SolutionProperties) = preSolution
		HideSolutionNode = FALSE
	EndGlobalSection
EndGlobal
